// !$*UTF8*$!
{
	archiveVersion = 1;
	classes = {
	};
	objectVersion = 46;
	objects = {

/* Begin PBXBuildFile section */
		EC17129D1B499C5000EC5AEF /* main.m in Sources */ = {isa = PBXBuildFile; fileRef = EC17129C1B499C5000EC5AEF /* main.m */; };
		EC1712A01B499C5000EC5AEF /* AppDelegate.m in Sources */ = {isa = PBXBuildFile; fileRef = EC17129F1B499C5000EC5AEF /* AppDelegate.m */; };
		EC1712A31B499C5000EC5AEF /* HelloWorld_Locations.xcdatamodeld in Sources */ = {isa = PBXBuildFile; fileRef = EC1712A11B499C5000EC5AEF /* HelloWorld_Locations.xcdatamodeld */; };
		EC1712A61B499C5000EC5AEF /* LocationsViewController.m in Sources */ = {isa = PBXBuildFile; fileRef = EC1712A51B499C5000EC5AEF /* LocationsViewController.m */; };
		EC1712A91B499C5000EC5AEF /* Main.storyboard in Resources */ = {isa = PBXBuildFile; fileRef = EC1712A71B499C5000EC5AEF /* Main.storyboard */; };
		EC1712AB1B499C5000EC5AEF /* Images.xcassets in Resources */ = {isa = PBXBuildFile; fileRef = EC1712AA1B499C5000EC5AEF /* Images.xcassets */; };
		EC1712AE1B499C5000EC5AEF /* LaunchScreen.xib in Resources */ = {isa = PBXBuildFile; fileRef = EC1712AC1B499C5000EC5AEF /* LaunchScreen.xib */; };
		EC1712BA1B499C5000EC5AEF /* HelloWorld_LocationsTests.m in Sources */ = {isa = PBXBuildFile; fileRef = EC1712B91B499C5000EC5AEF /* HelloWorld_LocationsTests.m */; };
		EC1712C41B49A13000EC5AEF /* MapKit.framework in Frameworks */ = {isa = PBXBuildFile; fileRef = EC1712C31B49A13000EC5AEF /* MapKit.framework */; };
		EC1712C81B49B83900EC5AEF /* LocationService.m in Sources */ = {isa = PBXBuildFile; fileRef = EC1712C71B49B83900EC5AEF /* LocationService.m */; };
		EC1712CB1B49B9A300EC5AEF /* JSONKit.m in Sources */ = {isa = PBXBuildFile; fileRef = EC1712CA1B49B9A300EC5AEF /* JSONKit.m */; settings = {COMPILER_FLAGS = "-fno-objc-arc"; }; };
		EC1712D51B49BD0500EC5AEF /* Globals.m in Sources */ = {isa = PBXBuildFile; fileRef = EC1712D41B49BD0500EC5AEF /* Globals.m */; };
		EC1712D81B49C81700EC5AEF /* CoreDataAccess.m in Sources */ = {isa = PBXBuildFile; fileRef = EC1712D71B49C81700EC5AEF /* CoreDataAccess.m */; };
		EC1712DA1B49CA0600EC5AEF /* CoreData.framework in Frameworks */ = {isa = PBXBuildFile; fileRef = EC1712D91B49CA0600EC5AEF /* CoreData.framework */; };
		EC1712DD1B4A219A00EC5AEF /* LocationsTableViewCell.m in Sources */ = {isa = PBXBuildFile; fileRef = EC1712DC1B4A219A00EC5AEF /* LocationsTableViewCell.m */; };
		EC1712E21B4A33A300EC5AEF /* CoreLocation.framework in Frameworks */ = {isa = PBXBuildFile; fileRef = EC1712E11B4A33A300EC5AEF /* CoreLocation.framework */; };
		ECECCCB81B4B97CA005B35AA /* Locations.m in Sources */ = {isa = PBXBuildFile; fileRef = ECECCCB71B4B97CA005B35AA /* Locations.m */; };
		ECECCCBE1B4CAC4F005B35AA /* LocationDetailsViewController.m in Sources */ = {isa = PBXBuildFile; fileRef = ECECCCBD1B4CAC4F005B35AA /* LocationDetailsViewController.m */; };
/* End PBXBuildFile section */

/* Begin PBXContainerItemProxy section */
		EC1712B41B499C5000EC5AEF /* PBXContainerItemProxy */ = {
			isa = PBXContainerItemProxy;
			containerPortal = EC17128F1B499C5000EC5AEF /* Project object */;
			proxyType = 1;
			remoteGlobalIDString = EC1712961B499C5000EC5AEF;
			remoteInfo = "HelloWorld Locations";
		};
/* End PBXContainerItemProxy section */

/* Begin PBXFileReference section */
		EC1712971B499C5000EC5AEF /* HelloWorld Locations.app */ = {isa = PBXFileReference; explicitFileType = wrapper.application; includeInIndex = 0; path = "HelloWorld Locations.app"; sourceTree = BUILT_PRODUCTS_DIR; };
		EC17129B1B499C5000EC5AEF /* Info.plist */ = {isa = PBXFileReference; lastKnownFileType = text.plist.xml; path = Info.plist; sourceTree = "<group>"; };
		EC17129C1B499C5000EC5AEF /* main.m */ = {isa = PBXFileReference; lastKnownFileType = sourcecode.c.objc; path = main.m; sourceTree = "<group>"; };
		EC17129E1B499C5000EC5AEF /* AppDelegate.h */ = {isa = PBXFileReference; lastKnownFileType = sourcecode.c.h; path = AppDelegate.h; sourceTree = "<group>"; };
		EC17129F1B499C5000EC5AEF /* AppDelegate.m */ = {isa = PBXFileReference; lastKnownFileType = sourcecode.c.objc; path = AppDelegate.m; sourceTree = "<group>"; };
		EC1712A21B499C5000EC5AEF /* HelloWorld_Locations.xcdatamodel */ = {isa = PBXFileReference; lastKnownFileType = wrapper.xcdatamodel; path = HelloWorld_Locations.xcdatamodel; sourceTree = "<group>"; };
		EC1712A41B499C5000EC5AEF /* LocationsViewController.h */ = {isa = PBXFileReference; lastKnownFileType = sourcecode.c.h; path = LocationsViewController.h; sourceTree = "<group>"; };
		EC1712A51B499C5000EC5AEF /* LocationsViewController.m */ = {isa = PBXFileReference; lastKnownFileType = sourcecode.c.objc; path = LocationsViewController.m; sourceTree = "<group>"; };
		EC1712A81B499C5000EC5AEF /* Base */ = {isa = PBXFileReference; lastKnownFileType = file.storyboard; name = Base; path = Base.lproj/Main.storyboard; sourceTree = "<group>"; };
		EC1712AA1B499C5000EC5AEF /* Images.xcassets */ = {isa = PBXFileReference; lastKnownFileType = folder.assetcatalog; path = Images.xcassets; sourceTree = "<group>"; };
		EC1712AD1B499C5000EC5AEF /* Base */ = {isa = PBXFileReference; lastKnownFileType = file.xib; name = Base; path = Base.lproj/LaunchScreen.xib; sourceTree = "<group>"; };
		EC1712B31B499C5000EC5AEF /* HelloWorld LocationsTests.xctest */ = {isa = PBXFileReference; explicitFileType = wrapper.cfbundle; includeInIndex = 0; path = "HelloWorld LocationsTests.xctest"; sourceTree = BUILT_PRODUCTS_DIR; };
		EC1712B81B499C5000EC5AEF /* Info.plist */ = {isa = PBXFileReference; lastKnownFileType = text.plist.xml; path = Info.plist; sourceTree = "<group>"; };
		EC1712B91B499C5000EC5AEF /* HelloWorld_LocationsTests.m */ = {isa = PBXFileReference; lastKnownFileType = sourcecode.c.objc; path = HelloWorld_LocationsTests.m; sourceTree = "<group>"; };
		EC1712C31B49A13000EC5AEF /* MapKit.framework */ = {isa = PBXFileReference; lastKnownFileType = wrapper.framework; name = MapKit.framework; path = System/Library/Frameworks/MapKit.framework; sourceTree = SDKROOT; };
		EC1712C61B49B83900EC5AEF /* LocationService.h */ = {isa = PBXFileReference; fileEncoding = 4; lastKnownFileType = sourcecode.c.h; path = LocationService.h; sourceTree = "<group>"; };
		EC1712C71B49B83900EC5AEF /* LocationService.m */ = {isa = PBXFileReference; fileEncoding = 4; lastKnownFileType = sourcecode.c.objc; path = LocationService.m; sourceTree = "<group>"; };
		EC1712C91B49B9A300EC5AEF /* JSONKit.h */ = {isa = PBXFileReference; fileEncoding = 4; lastKnownFileType = sourcecode.c.h; path = JSONKit.h; sourceTree = "<group>"; };
		EC1712CA1B49B9A300EC5AEF /* JSONKit.m */ = {isa = PBXFileReference; fileEncoding = 4; lastKnownFileType = sourcecode.c.objc; path = JSONKit.m; sourceTree = "<group>"; };
		EC1712D31B49BD0500EC5AEF /* Globals.h */ = {isa = PBXFileReference; fileEncoding = 4; lastKnownFileType = sourcecode.c.h; path = Globals.h; sourceTree = "<group>"; };
		EC1712D41B49BD0500EC5AEF /* Globals.m */ = {isa = PBXFileReference; fileEncoding = 4; lastKnownFileType = sourcecode.c.objc; path = Globals.m; sourceTree = "<group>"; };
		EC1712D61B49C81700EC5AEF /* CoreDataAccess.h */ = {isa = PBXFileReference; fileEncoding = 4; lastKnownFileType = sourcecode.c.h; path = CoreDataAccess.h; sourceTree = "<group>"; };
		EC1712D71B49C81700EC5AEF /* CoreDataAccess.m */ = {isa = PBXFileReference; fileEncoding = 4; lastKnownFileType = sourcecode.c.objc; path = CoreDataAccess.m; sourceTree = "<group>"; };
		EC1712D91B49CA0600EC5AEF /* CoreData.framework */ = {isa = PBXFileReference; lastKnownFileType = wrapper.framework; name = CoreData.framework; path = System/Library/Frameworks/CoreData.framework; sourceTree = SDKROOT; };
		EC1712DB1B4A219A00EC5AEF /* LocationsTableViewCell.h */ = {isa = PBXFileReference; fileEncoding = 4; lastKnownFileType = sourcecode.c.h; path = LocationsTableViewCell.h; sourceTree = "<group>"; };
		EC1712DC1B4A219A00EC5AEF /* LocationsTableViewCell.m */ = {isa = PBXFileReference; fileEncoding = 4; lastKnownFileType = sourcecode.c.objc; path = LocationsTableViewCell.m; sourceTree = "<group>"; };
		EC1712E11B4A33A300EC5AEF /* CoreLocation.framework */ = {isa = PBXFileReference; lastKnownFileType = wrapper.framework; name = CoreLocation.framework; path = System/Library/Frameworks/CoreLocation.framework; sourceTree = SDKROOT; };
		ECECCCB61B4B97CA005B35AA /* Locations.h */ = {isa = PBXFileReference; fileEncoding = 4; lastKnownFileType = sourcecode.c.h; name = Locations.h; path = ../Locations.h; sourceTree = "<group>"; };
		ECECCCB71B4B97CA005B35AA /* Locations.m */ = {isa = PBXFileReference; fileEncoding = 4; lastKnownFileType = sourcecode.c.objc; name = Locations.m; path = ../Locations.m; sourceTree = "<group>"; };
		ECECCCBC1B4CAC4F005B35AA /* LocationDetailsViewController.h */ = {isa = PBXFileReference; fileEncoding = 4; lastKnownFileType = sourcecode.c.h; path = LocationDetailsViewController.h; sourceTree = "<group>"; };
		ECECCCBD1B4CAC4F005B35AA /* LocationDetailsViewController.m */ = {isa = PBXFileReference; fileEncoding = 4; lastKnownFileType = sourcecode.c.objc; path = LocationDetailsViewController.m; sourceTree = "<group>"; };
/* End PBXFileReference section */

/* Begin PBXFrameworksBuildPhase section */
		EC1712941B499C5000EC5AEF /* Frameworks */ = {
			isa = PBXFrameworksBuildPhase;
			buildActionMask = 2147483647;
			files = (
				EC1712E21B4A33A300EC5AEF /* CoreLocation.framework in Frameworks */,
				EC1712DA1B49CA0600EC5AEF /* CoreData.framework in Frameworks */,
				EC1712C41B49A13000EC5AEF /* MapKit.framework in Frameworks */,
			);
			runOnlyForDeploymentPostprocessing = 0;
		};
		EC1712B01B499C5000EC5AEF /* Frameworks */ = {
			isa = PBXFrameworksBuildPhase;
			buildActionMask = 2147483647;
			files = (
			);
			runOnlyForDeploymentPostprocessing = 0;
		};
/* End PBXFrameworksBuildPhase section */

/* Begin PBXGroup section */
		EC17128E1B499C5000EC5AEF = {
			isa = PBXGroup;
			children = (
				EC1712E11B4A33A300EC5AEF /* CoreLocation.framework */,
				EC1712D91B49CA0600EC5AEF /* CoreData.framework */,
				EC1712C31B49A13000EC5AEF /* MapKit.framework */,
				EC1712991B499C5000EC5AEF /* HelloWorld Locations */,
				EC1712B61B499C5000EC5AEF /* HelloWorld LocationsTests */,
				EC1712981B499C5000EC5AEF /* Products */,
			);
			sourceTree = "<group>";
		};
		EC1712981B499C5000EC5AEF /* Products */ = {
			isa = PBXGroup;
			children = (
				EC1712971B499C5000EC5AEF /* HelloWorld Locations.app */,
				EC1712B31B499C5000EC5AEF /* HelloWorld LocationsTests.xctest */,
			);
			name = Products;
			sourceTree = "<group>";
		};
		EC1712991B499C5000EC5AEF /* HelloWorld Locations */ = {
			isa = PBXGroup;
			children = (
				EC1712C51B49B7B400EC5AEF /* Action Classes */,
				EC1712CC1B49BBFF00EC5AEF /* Entities */,
				EC17129E1B499C5000EC5AEF /* AppDelegate.h */,
				EC17129F1B499C5000EC5AEF /* AppDelegate.m */,
				EC1712D31B49BD0500EC5AEF /* Globals.h */,
				EC1712D41B49BD0500EC5AEF /* Globals.m */,
				EC1712A11B499C5000EC5AEF /* HelloWorld_Locations.xcdatamodeld */,
				EC1712AA1B499C5000EC5AEF /* Images.xcassets */,
				EC1712AC1B499C5000EC5AEF /* LaunchScreen.xib */,
				ECECCCBC1B4CAC4F005B35AA /* LocationDetailsViewController.h */,
				ECECCCBD1B4CAC4F005B35AA /* LocationDetailsViewController.m */,
				EC1712DB1B4A219A00EC5AEF /* LocationsTableViewCell.h */,
				EC1712DC1B4A219A00EC5AEF /* LocationsTableViewCell.m */,
				EC1712A41B499C5000EC5AEF /* LocationsViewController.h */,
				EC1712A51B499C5000EC5AEF /* LocationsViewController.m */,
				EC1712A71B499C5000EC5AEF /* Main.storyboard */,
				EC17129A1B499C5000EC5AEF /* Supporting Files */,
			);
			path = "HelloWorld Locations";
			sourceTree = "<group>";
		};
		EC17129A1B499C5000EC5AEF /* Supporting Files */ = {
			isa = PBXGroup;
			children = (
				EC17129B1B499C5000EC5AEF /* Info.plist */,
				EC1712C91B49B9A300EC5AEF /* JSONKit.h */,
				EC1712CA1B49B9A300EC5AEF /* JSONKit.m */,
				EC17129C1B499C5000EC5AEF /* main.m */,
			);
			name = "Supporting Files";
			sourceTree = "<group>";
		};
		EC1712B61B499C5000EC5AEF /* HelloWorld LocationsTests */ = {
			isa = PBXGroup;
			children = (
				EC1712B91B499C5000EC5AEF /* HelloWorld_LocationsTests.m */,
				EC1712B71B499C5000EC5AEF /* Supporting Files */,
			);
			path = "HelloWorld LocationsTests";
			sourceTree = "<group>";
		};
		EC1712B71B499C5000EC5AEF /* Supporting Files */ = {
			isa = PBXGroup;
			children = (
				EC1712B81B499C5000EC5AEF /* Info.plist */,
			);
			name = "Supporting Files";
			sourceTree = "<group>";
		};
		EC1712C51B49B7B400EC5AEF /* Action Classes */ = {
			isa = PBXGroup;
			children = (
				EC1712C61B49B83900EC5AEF /* LocationService.h */,
				EC1712C71B49B83900EC5AEF /* LocationService.m */,
				EC1712D61B49C81700EC5AEF /* CoreDataAccess.h */,
				EC1712D71B49C81700EC5AEF /* CoreDataAccess.m */,
			);
			name = "Action Classes";
			sourceTree = "<group>";
		};
		EC1712CC1B49BBFF00EC5AEF /* Entities */ = {
			isa = PBXGroup;
			children = (
				ECECCCB61B4B97CA005B35AA /* Locations.h */,
				ECECCCB71B4B97CA005B35AA /* Locations.m */,
			);
			name = Entities;
			sourceTree = "<group>";
		};
/* End PBXGroup section */

/* Begin PBXNativeTarget section */
		EC1712961B499C5000EC5AEF /* HelloWorld Locations */ = {
			isa = PBXNativeTarget;
			buildConfigurationList = EC1712BD1B499C5000EC5AEF /* Build configuration list for PBXNativeTarget "HelloWorld Locations" */;
			buildPhases = (
				EC1712931B499C5000EC5AEF /* Sources */,
				EC1712941B499C5000EC5AEF /* Frameworks */,
				EC1712951B499C5000EC5AEF /* Resources */,
			);
			buildRules = (
			);
			dependencies = (
			);
			name = "HelloWorld Locations";
			productName = "HelloWorld Locations";
			productReference = EC1712971B499C5000EC5AEF /* HelloWorld Locations.app */;
			productType = "com.apple.product-type.application";
		};
		EC1712B21B499C5000EC5AEF /* HelloWorld LocationsTests */ = {
			isa = PBXNativeTarget;
			buildConfigurationList = EC1712C01B499C5000EC5AEF /* Build configuration list for PBXNativeTarget "HelloWorld LocationsTests" */;
			buildPhases = (
				EC1712AF1B499C5000EC5AEF /* Sources */,
				EC1712B01B499C5000EC5AEF /* Frameworks */,
				EC1712B11B499C5000EC5AEF /* Resources */,
			);
			buildRules = (
			);
			dependencies = (
				EC1712B51B499C5000EC5AEF /* PBXTargetDependency */,
			);
			name = "HelloWorld LocationsTests";
			productName = "HelloWorld LocationsTests";
			productReference = EC1712B31B499C5000EC5AEF /* HelloWorld LocationsTests.xctest */;
			productType = "com.apple.product-type.bundle.unit-test";
		};
/* End PBXNativeTarget section */

/* Begin PBXProject section */
		EC17128F1B499C5000EC5AEF /* Project object */ = {
			isa = PBXProject;
			attributes = {
				LastUpgradeCheck = 0630;
				ORGANIZATIONNAME = BrianKalski;
				TargetAttributes = {
					EC1712961B499C5000EC5AEF = {
						CreatedOnToolsVersion = 6.3.2;
					};
					EC1712B21B499C5000EC5AEF = {
						CreatedOnToolsVersion = 6.3.2;
						TestTargetID = EC1712961B499C5000EC5AEF;
					};
				};
			};
			buildConfigurationList = EC1712921B499C5000EC5AEF /* Build configuration list for PBXProject "HelloWorld Locations" */;
			compatibilityVersion = "Xcode 3.2";
			developmentRegion = English;
			hasScannedForEncodings = 0;
			knownRegions = (
				en,
				Base,
			);
			mainGroup = EC17128E1B499C5000EC5AEF;
			productRefGroup = EC1712981B499C5000EC5AEF /* Products */;
			projectDirPath = "";
			projectRoot = "";
			targets = (
				EC1712961B499C5000EC5AEF /* HelloWorld Locations */,
				EC1712B21B499C5000EC5AEF /* HelloWorld LocationsTests */,
			);
		};
/* End PBXProject section */

/* Begin PBXResourcesBuildPhase section */
		EC1712951B499C5000EC5AEF /* Resources */ = {
			isa = PBXResourcesBuildPhase;
			buildActionMask = 2147483647;
			files = (
				EC1712A91B499C5000EC5AEF /* Main.storyboard in Resources */,
				EC1712AE1B499C5000EC5AEF /* LaunchScreen.xib in Resources */,
				EC1712AB1B499C5000EC5AEF /* Images.xcassets in Resources */,
			);
			runOnlyForDeploymentPostprocessing = 0;
		};
		EC1712B11B499C5000EC5AEF /* Resources */ = {
			isa = PBXResourcesBuildPhase;
			buildActionMask = 2147483647;
			files = (
			);
			runOnlyForDeploymentPostprocessing = 0;
		};
/* End PBXResourcesBuildPhase section */

/* Begin PBXSourcesBuildPhase section */
		EC1712931B499C5000EC5AEF /* Sources */ = {
			isa = PBXSourcesBuildPhase;
			buildActionMask = 2147483647;
			files = (
				EC1712D51B49BD0500EC5AEF /* Globals.m in Sources */,
				EC1712A31B499C5000EC5AEF /* HelloWorld_Locations.xcdatamodeld in Sources */,
				ECECCCBE1B4CAC4F005B35AA /* LocationDetailsViewController.m in Sources */,
				EC1712C81B49B83900EC5AEF /* LocationService.m in Sources */,
				EC1712CB1B49B9A300EC5AEF /* JSONKit.m in Sources */,
				EC1712A01B499C5000EC5AEF /* AppDelegate.m in Sources */,
				EC1712D81B49C81700EC5AEF /* CoreDataAccess.m in Sources */,
				ECECCCB81B4B97CA005B35AA /* Locations.m in Sources */,
				EC1712A61B499C5000EC5AEF /* LocationsViewController.m in Sources */,
				EC1712DD1B4A219A00EC5AEF /* LocationsTableViewCell.m in Sources */,
				EC17129D1B499C5000EC5AEF /* main.m in Sources */,
			);
			runOnlyForDeploymentPostprocessing = 0;
		};
		EC1712AF1B499C5000EC5AEF /* Sources */ = {
			isa = PBXSourcesBuildPhase;
			buildActionMask = 2147483647;
			files = (
				EC1712BA1B499C5000EC5AEF /* HelloWorld_LocationsTests.m in Sources */,
			);
			runOnlyForDeploymentPostprocessing = 0;
		};
/* End PBXSourcesBuildPhase section */

/* Begin PBXTargetDependency section */
		EC1712B51B499C5000EC5AEF /* PBXTargetDependency */ = {
			isa = PBXTargetDependency;
			target = EC1712961B499C5000EC5AEF /* HelloWorld Locations */;
			targetProxy = EC1712B41B499C5000EC5AEF /* PBXContainerItemProxy */;
		};
/* End PBXTargetDependency section */

/* Begin PBXVariantGroup section */
		EC1712A71B499C5000EC5AEF /* Main.storyboard */ = {
			isa = PBXVariantGroup;
			children = (
				EC1712A81B499C5000EC5AEF /* Base */,
			);
			name = Main.storyboard;
			sourceTree = "<group>";
		};
		EC1712AC1B499C5000EC5AEF /* LaunchScreen.xib */ = {
			isa = PBXVariantGroup;
			children = (
				EC1712AD1B499C5000EC5AEF /* Base */,
			);
			name = LaunchScreen.xib;
			sourceTree = "<group>";
		};
/* End PBXVariantGroup section */

/* Begin XCBuildConfiguration section */
		EC1712BB1B499C5000EC5AEF /* Debug */ = {
			isa = XCBuildConfiguration;
			buildSettings = {
				ALWAYS_SEARCH_USER_PATHS = NO;
				CLANG_CXX_LANGUAGE_STANDARD = "gnu++0x";
				CLANG_CXX_LIBRARY = "libc++";
				CLANG_ENABLE_MODULES = YES;
				CLANG_ENABLE_OBJC_ARC = YES;
				CLANG_WARN_BOOL_CONVERSION = YES;
				CLANG_WARN_CONSTANT_CONVERSION = YES;
				CLANG_WARN_DIRECT_OBJC_ISA_USAGE = YES_ERROR;
				CLANG_WARN_EMPTY_BODY = YES;
				CLANG_WARN_ENUM_CONVERSION = YES;
				CLANG_WARN_INT_CONVERSION = YES;
				CLANG_WARN_OBJC_ROOT_CLASS = YES_ERROR;
				CLANG_WARN_UNREACHABLE_CODE = YES;
				CLANG_WARN__DUPLICATE_METHOD_MATCH = YES;
				"CODE_SIGN_IDENTITY[sdk=iphoneos*]" = "iPhone Developer";
				COPY_PHASE_STRIP = NO;
				DEBUG_INFORMATION_FORMAT = "dwarf-with-dsym";
				ENABLE_STRICT_OBJC_MSGSEND = YES;
				GCC_C_LANGUAGE_STANDARD = gnu99;
				GCC_DYNAMIC_NO_PIC = NO;
				GCC_NO_COMMON_BLOCKS = YES;
				GCC_OPTIMIZATION_LEVEL = 0;
				GCC_PREPROCESSOR_DEFINITIONS = (
					"DEBUG=1",
					"$(inherited)",
				);
				GCC_SYMBOLS_PRIVATE_EXTERN = NO;
				GCC_WARN_64_TO_32_BIT_CONVERSION = YES;
				GCC_WARN_ABOUT_RETURN_TYPE = YES_ERROR;
				GCC_WARN_UNDECLARED_SELECTOR = YES;
				GCC_WARN_UNINITIALIZED_AUTOS = YES_AGGRESSIVE;
				GCC_WARN_UNUSED_FUNCTION = YES;
				GCC_WARN_UNUSED_VARIABLE = YES;
				IPHONEOS_DEPLOYMENT_TARGET = 8.3;
				MTL_ENABLE_DEBUG_INFO = YES;
				ONLY_ACTIVE_ARCH = YES;
				SDKROOT = iphoneos;
			};
			name = Debug;
		};
		EC1712BC1B499C5000EC5AEF /* Release */ = {
			isa = XCBuildConfiguration;
			buildSettings = {
				ALWAYS_SEARCH_USER_PATHS = NO;
				CLANG_CXX_LANGUAGE_STANDARD = "gnu++0x";
				CLANG_CXX_LIBRARY = "libc++";
				CLANG_ENABLE_MODULES = YES;
				CLANG_ENABLE_OBJC_ARC = YES;
				CLANG_WARN_BOOL_CONVERSION = YES;
				CLANG_WARN_CONSTANT_CONVERSION = YES;
				CLANG_WARN_DIRECT_OBJC_ISA_USAGE = YES_ERROR;
				CLANG_WARN_EMPTY_BODY = YES;
				CLANG_WARN_ENUM_CONVERSION = YES;
				CLANG_WARN_INT_CONVERSION = YES;
				CLANG_WARN_OBJC_ROOT_CLASS = YES_ERROR;
				CLANG_WARN_UNREACHABLE_CODE = YES;
				CLANG_WARN__DUPLICATE_METHOD_MATCH = YES;
				"CODE_SIGN_IDENTITY[sdk=iphoneos*]" = "iPhone Developer";
				COPY_PHASE_STRIP = NO;
				DEBUG_INFORMATION_FORMAT = "dwarf-with-dsym";
				ENABLE_NS_ASSERTIONS = NO;
				ENABLE_STRICT_OBJC_MSGSEND = YES;
				GCC_C_LANGUAGE_STANDARD = gnu99;
				GCC_NO_COMMON_BLOCKS = YES;
				GCC_WARN_64_TO_32_BIT_CONVERSION = YES;
				GCC_WARN_ABOUT_RETURN_TYPE = YES_ERROR;
				GCC_WARN_UNDECLARED_SELECTOR = YES;
				GCC_WARN_UNINITIALIZED_AUTOS = YES_AGGRESSIVE;
				GCC_WARN_UNUSED_FUNCTION = YES;
				GCC_WARN_UNUSED_VARIABLE = YES;
				IPHONEOS_DEPLOYMENT_TARGET = 8.3;
				MTL_ENABLE_DEBUG_INFO = NO;
				SDKROOT = iphoneos;
				VALIDATE_PRODUCT = YES;
			};
			name = Release;
		};
		EC1712BE1B499C5000EC5AEF /* Debug */ = {
			isa = XCBuildConfiguration;
			buildSettings = {
				ASSETCATALOG_COMPILER_APPICON_NAME = AppIcon;
				INFOPLIST_FILE = "HelloWorld Locations/Info.plist";
				IPHONEOS_DEPLOYMENT_TARGET = 7.0;
				LD_RUNPATH_SEARCH_PATHS = "$(inherited) @executable_path/Frameworks";
				PRODUCT_NAME = "$(TARGET_NAME)";
				TARGETED_DEVICE_FAMILY = 1;
			};
			name = Debug;
		};
		EC1712BF1B499C5000EC5AEF /* Release */ = {
			isa = XCBuildConfiguration;
			buildSettings = {
				ASSETCATALOG_COMPILER_APPICON_NAME = AppIcon;
				INFOPLIST_FILE = "HelloWorld Locations/Info.plist";
				IPHONEOS_DEPLOYMENT_TARGET = 7.0;
				LD_RUNPATH_SEARCH_PATHS = "$(inherited) @executable_path/Frameworks";
				PRODUCT_NAME = "$(TARGET_NAME)";
				TARGETED_DEVICE_FAMILY = 1;
			};
			name = Release;
		};
		EC1712C11B499C5000EC5AEF /* Debug */ = {
			isa = XCBuildConfiguration;
			buildSettings = {
				BUNDLE_LOADER = "$(TEST_HOST)";
				FRAMEWORK_SEARCH_PATHS = (
					"$(SDKROOT)/Developer/Library/Frameworks",
					"$(inherited)",
				);
				GCC_PREPROCESSOR_DEFINITIONS = (
					"DEBUG=1",
					"$(inherited)",
				);
				INFOPLIST_FILE = "HelloWorld LocationsTests/Info.plist";
				LD_RUNPATH_SEARCH_PATHS = "$(inherited) @executable_path/Frameworks @loader_path/Frameworks";
				PRODUCT_NAME = "$(TARGET_NAME)";
				TEST_HOST = "$(BUILT_PRODUCTS_DIR)/HelloWorld Locations.app/HelloWorld Locations";
			};
			name = Debug;
		};
		EC1712C21B499C5000EC5AEF /* Release */ = {
			isa = XCBuildConfiguration;
			buildSettings = {
				BUNDLE_LOADER = "$(TEST_HOST)";
				FRAMEWORK_SEARCH_PATHS = (
					"$(SDKROOT)/Developer/Library/Frameworks",
					"$(inherited)",
				);
				INFOPLIST_FILE = "HelloWorld LocationsTests/Info.plist";
				LD_RUNPATH_SEARCH_PATHS = "$(inherited) @executable_path/Frameworks @loader_path/Frameworks";
				PRODUCT_NAME = "$(TARGET_NAME)";
				TEST_HOST = "$(BUILT_PRODUCTS_DIR)/HelloWorld Locations.app/HelloWorld Locations";
			};
			name = Release;
		};
/* End XCBuildConfiguration section */

/* Begin XCConfigurationList section */
		EC1712921B499C5000EC5AEF /* Build configuration list for PBXProject "HelloWorld Locations" */ = {
			isa = XCConfigurationList;
			buildConfigurations = (
				EC1712BB1B499C5000EC5AEF /* Debug */,
				EC1712BC1B499C5000EC5AEF /* Release */,
			);
			defaultConfigurationIsVisible = 0;
			defaultConfigurationName = Release;
		};
		EC1712BD1B499C5000EC5AEF /* Build configuration list for PBXNativeTarget "HelloWorld Locations" */ = {
			isa = XCConfigurationList;
			buildConfigurations = (
				EC1712BE1B499C5000EC5AEF /* Debug */,
				EC1712BF1B499C5000EC5AEF /* Release */,
			);
			defaultConfigurationIsVisible = 0;
			defaultConfigurationName = Release;
		};
		EC1712C01B499C5000EC5AEF /* Build configuration list for PBXNativeTarget "HelloWorld LocationsTests" */ = {
			isa = XCConfigurationList;
			buildConfigurations = (
				EC1712C11B499C5000EC5AEF /* Debug */,
				EC1712C21B499C5000EC5AEF /* Release */,
			);
			defaultConfigurationIsVisible = 0;
			defaultConfigurationName = Release;
		};
/* End XCConfigurationList section */

/* Begin XCVersionGroup section */
		EC1712A11B499C5000EC5AEF /* HelloWorld_Locations.xcdatamodeld */ = {
			isa = XCVersionGroup;
			children = (
				EC1712A21B499C5000EC5AEF /* HelloWorld_Locations.xcdatamodel */,
			);
			currentVersion = EC1712A21B499C5000EC5AEF /* HelloWorld_Locations.xcdatamodel */;
			path = HelloWorld_Locations.xcdatamodeld;
			sourceTree = "<group>";
			versionGroupType = wrapper.xcdatamodel;
		};
/* End XCVersionGroup section */
	};
	rootObject = EC17128F1B499C5000EC5AEF /* Project object */;
}
